
Microsoft Visual Studio Solution File, Format Version 12.00
# Visual Studio Version 17
VisualStudioVersion = 17.0.31903.59
MinimumVisualStudioVersion = 10.0.40219.1
Project("{2150E333-8FDC-42A3-9474-1A3956D46DE8}") = "src", "src", "{827E0CD3-B72D-47B6-A68D-7590B98EB39B}"
EndProject
Project("{FAE04EC0-301F-11D3-BF4B-00C04F79EFBC}") = "HomeHub.Api", "src\HomeHub.Api\HomeHub.Api.csproj", "{B1DEDE99-08B7-4669-A348-107451A51F3F}"
EndProject
Project("{FAE04EC0-301F-11D3-BF4B-00C04F79EFBC}") = "HomeHub.Application", "src\HomeHub.Application\HomeHub.Application.csproj", "{FE9E2CD7-5840-476C-84EA-F4361951FF27}"
EndProject
Project("{FAE04EC0-301F-11D3-BF4B-00C04F79EFBC}") = "HomeHub.Domain", "src\HomeHub.Domain\HomeHub.Domain.csproj", "{166C04CF-1A97-490B-A53D-B90CF4FDD1B3}"
EndProject
Project("{FAE04EC0-301F-11D3-BF4B-00C04F79EFBC}") = "HomeHub.Infrastructure", "src\HomeHub.Infrastructure\HomeHub.Infrastructure.csproj", "{6B4C70EC-E0A7-4D1E-BC3F-0326B8709BE3}"
EndProject
Project("{2150E333-8FDC-42A3-9474-1A3956D46DE8}") = "test", "test", "{0C88DD14-F956-CE84-757C-A364CCF449FC}"
EndProject
Project("{FAE04EC0-301F-11D3-BF4B-00C04F79EFBC}") = "HomeHub.Tests", "test\HomeHub.Tests\HomeHub.Tests.csproj", "{59FE1B26-E301-45CA-89D9-3D9D2A989146}"
EndProject
Global
	GlobalSection(SolutionConfigurationPlatforms) = preSolution
		Debug|Any CPU = Debug|Any CPU
		Debug|x64 = Debug|x64
		Debug|x86 = Debug|x86
		Release|Any CPU = Release|Any CPU
		Release|x64 = Release|x64
		Release|x86 = Release|x86
	EndGlobalSection
	GlobalSection(ProjectConfigurationPlatforms) = postSolution
		{B1DEDE99-08B7-4669-A348-107451A51F3F}.Debug|Any CPU.ActiveCfg = Debug|Any CPU
		{B1DEDE99-08B7-4669-A348-107451A51F3F}.Debug|Any CPU.Build.0 = Debug|Any CPU
		{B1DEDE99-08B7-4669-A348-107451A51F3F}.Debug|x64.ActiveCfg = Debug|Any CPU
		{B1DEDE99-08B7-4669-A348-107451A51F3F}.Debug|x64.Build.0 = Debug|Any CPU
		{B1DEDE99-08B7-4669-A348-107451A51F3F}.Debug|x86.ActiveCfg = Debug|Any CPU
		{B1DEDE99-08B7-4669-A348-107451A51F3F}.Debug|x86.Build.0 = Debug|Any CPU
		{B1DEDE99-08B7-4669-A348-107451A51F3F}.Release|Any CPU.ActiveCfg = Release|Any CPU
		{B1DEDE99-08B7-4669-A348-107451A51F3F}.Release|Any CPU.Build.0 = Release|Any CPU
		{B1DEDE99-08B7-4669-A348-107451A51F3F}.Release|x64.ActiveCfg = Release|Any CPU
		{B1DEDE99-08B7-4669-A348-107451A51F3F}.Release|x64.Build.0 = Release|Any CPU
		{B1DEDE99-08B7-4669-A348-107451A51F3F}.Release|x86.ActiveCfg = Release|Any CPU
		{B1DEDE99-08B7-4669-A348-107451A51F3F}.Release|x86.Build.0 = Release|Any CPU
		{FE9E2CD7-5840-476C-84EA-F4361951FF27}.Debug|Any CPU.ActiveCfg = Debug|Any CPU
		{FE9E2CD7-5840-476C-84EA-F4361951FF27}.Debug|Any CPU.Build.0 = Debug|Any CPU
		{FE9E2CD7-5840-476C-84EA-F4361951FF27}.Debug|x64.ActiveCfg = Debug|Any CPU
		{FE9E2CD7-5840-476C-84EA-F4361951FF27}.Debug|x64.Build.0 = Debug|Any CPU
		{FE9E2CD7-5840-476C-84EA-F4361951FF27}.Debug|x86.ActiveCfg = Debug|Any CPU
		{FE9E2CD7-5840-476C-84EA-F4361951FF27}.Debug|x86.Build.0 = Debug|Any CPU
		{FE9E2CD7-5840-476C-84EA-F4361951FF27}.Release|Any CPU.ActiveCfg = Release|Any CPU
		{FE9E2CD7-5840-476C-84EA-F4361951FF27}.Release|Any CPU.Build.0 = Release|Any CPU
		{FE9E2CD7-5840-476C-84EA-F4361951FF27}.Release|x64.ActiveCfg = Release|Any CPU
		{FE9E2CD7-5840-476C-84EA-F4361951FF27}.Release|x64.Build.0 = Release|Any CPU
		{FE9E2CD7-5840-476C-84EA-F4361951FF27}.Release|x86.ActiveCfg = Release|Any CPU
		{FE9E2CD7-5840-476C-84EA-F4361951FF27}.Release|x86.Build.0 = Release|Any CPU
		{166C04CF-1A97-490B-A53D-B90CF4FDD1B3}.Debug|Any CPU.ActiveCfg = Debug|Any CPU
		{166C04CF-1A97-490B-A53D-B90CF4FDD1B3}.Debug|Any CPU.Build.0 = Debug|Any CPU
		{166C04CF-1A97-490B-A53D-B90CF4FDD1B3}.Debug|x64.ActiveCfg = Debug|Any CPU
		{166C04CF-1A97-490B-A53D-B90CF4FDD1B3}.Debug|x64.Build.0 = Debug|Any CPU
		{166C04CF-1A97-490B-A53D-B90CF4FDD1B3}.Debug|x86.ActiveCfg = Debug|Any CPU
		{166C04CF-1A97-490B-A53D-B90CF4FDD1B3}.Debug|x86.Build.0 = Debug|Any CPU
		{166C04CF-1A97-490B-A53D-B90CF4FDD1B3}.Release|Any CPU.ActiveCfg = Release|Any CPU
		{166C04CF-1A97-490B-A53D-B90CF4FDD1B3}.Release|Any CPU.Build.0 = Release|Any CPU
		{166C04CF-1A97-490B-A53D-B90CF4FDD1B3}.Release|x64.ActiveCfg = Release|Any CPU
		{166C04CF-1A97-490B-A53D-B90CF4FDD1B3}.Release|x64.Build.0 = Release|Any CPU
		{166C04CF-1A97-490B-A53D-B90CF4FDD1B3}.Release|x86.ActiveCfg = Release|Any CPU
		{166C04CF-1A97-490B-A53D-B90CF4FDD1B3}.Release|x86.Build.0 = Release|Any CPU
		{6B4C70EC-E0A7-4D1E-BC3F-0326B8709BE3}.Debug|Any CPU.ActiveCfg = Debug|Any CPU
		{6B4C70EC-E0A7-4D1E-BC3F-0326B8709BE3}.Debug|Any CPU.Build.0 = Debug|Any CPU
		{6B4C70EC-E0A7-4D1E-BC3F-0326B8709BE3}.Debug|x64.ActiveCfg = Debug|Any CPU
		{6B4C70EC-E0A7-4D1E-BC3F-0326B8709BE3}.Debug|x64.Build.0 = Debug|Any CPU
		{6B4C70EC-E0A7-4D1E-BC3F-0326B8709BE3}.Debug|x86.ActiveCfg = Debug|Any CPU
		{6B4C70EC-E0A7-4D1E-BC3F-0326B8709BE3}.Debug|x86.Build.0 = Debug|Any CPU
		{6B4C70EC-E0A7-4D1E-BC3F-0326B8709BE3}.Release|Any CPU.ActiveCfg = Release|Any CPU
		{6B4C70EC-E0A7-4D1E-BC3F-0326B8709BE3}.Release|Any CPU.Build.0 = Release|Any CPU
		{6B4C70EC-E0A7-4D1E-BC3F-0326B8709BE3}.Release|x64.ActiveCfg = Release|Any CPU
		{6B4C70EC-E0A7-4D1E-BC3F-0326B8709BE3}.Release|x64.Build.0 = Release|Any CPU
		{6B4C70EC-E0A7-4D1E-BC3F-0326B8709BE3}.Release|x86.ActiveCfg = Release|Any CPU
		{6B4C70EC-E0A7-4D1E-BC3F-0326B8709BE3}.Release|x86.Build.0 = Release|Any CPU
		{59FE1B26-E301-45CA-89D9-3D9D2A989146}.Debug|Any CPU.ActiveCfg = Debug|Any CPU
		{59FE1B26-E301-45CA-89D9-3D9D2A989146}.Debug|Any CPU.Build.0 = Debug|Any CPU
		{59FE1B26-E301-45CA-89D9-3D9D2A989146}.Debug|x64.ActiveCfg = Debug|Any CPU
		{59FE1B26-E301-45CA-89D9-3D9D2A989146}.Debug|x64.Build.0 = Debug|Any CPU
		{59FE1B26-E301-45CA-89D9-3D9D2A989146}.Debug|x86.ActiveCfg = Debug|Any CPU
		{59FE1B26-E301-45CA-89D9-3D9D2A989146}.Debug|x86.Build.0 = Debug|Any CPU
		{59FE1B26-E301-45CA-89D9-3D9D2A989146}.Release|Any CPU.ActiveCfg = Release|Any CPU
		{59FE1B26-E301-45CA-89D9-3D9D2A989146}.Release|Any CPU.Build.0 = Release|Any CPU
		{59FE1B26-E301-45CA-89D9-3D9D2A989146}.Release|x64.ActiveCfg = Release|Any CPU
		{59FE1B26-E301-45CA-89D9-3D9D2A989146}.Release|x64.Build.0 = Release|Any CPU
		{59FE1B26-E301-45CA-89D9-3D9D2A989146}.Release|x86.ActiveCfg = Release|Any CPU
		{59FE1B26-E301-45CA-89D9-3D9D2A989146}.Release|x86.Build.0 = Release|Any CPU
	EndGlobalSection
	GlobalSection(SolutionProperties) = preSolution
		HideSolutionNode = FALSE
	EndGlobalSection
	GlobalSection(NestedProjects) = preSolution
		{B1DEDE99-08B7-4669-A348-107451A51F3F} = {827E0CD3-B72D-47B6-A68D-7590B98EB39B}
		{FE9E2CD7-5840-476C-84EA-F4361951FF27} = {827E0CD3-B72D-47B6-A68D-7590B98EB39B}
		{166C04CF-1A97-490B-A53D-B90CF4FDD1B3} = {827E0CD3-B72D-47B6-A68D-7590B98EB39B}
		{6B4C70EC-E0A7-4D1E-BC3F-0326B8709BE3} = {827E0CD3-B72D-47B6-A68D-7590B98EB39B}
		{59FE1B26-E301-45CA-89D9-3D9D2A989146} = {0C88DD14-F956-CE84-757C-A364CCF449FC}
	EndGlobalSection
EndGlobal
